{
  "version": 4,
  "terraform_version": "1.1.9",
  "serial": 22,
  "lineage": "0ad90bd2-ba20-cb62-aac7-23132663e32b",
  "outputs": {},
  "resources": [
    {
      "mode": "managed",
      "type": "azurerm_network_interface",
      "name": "nic",
      "provider": "provider[\"registry.terraform.io/hashicorp/azurerm\"]",
      "instances": [
        {
          "index_key": 0,
          "schema_version": 0,
          "attributes": {
            "applied_dns_servers": [],
            "dns_servers": [],
            "edge_zone": "",
            "enable_accelerated_networking": false,
            "enable_ip_forwarding": false,
            "id": "/subscriptions/5792fdff-2df7-475f-9dc5-1f31d1f17c53/resourceGroups/demo5/providers/Microsoft.Network/networkInterfaces/vmnic0",
            "internal_dns_name_label": "",
            "internal_domain_name_suffix": "w1lfb2uegneezfo1hqwcbzvrig.fx.internal.cloudapp.net",
            "ip_configuration": [
              {
                "gateway_load_balancer_frontend_ip_configuration_id": "",
                "name": "testip",
                "primary": true,
                "private_ip_address": "10.0.2.4",
                "private_ip_address_allocation": "Dynamic",
                "private_ip_address_version": "IPv4",
                "public_ip_address_id": "",
                "subnet_id": "/subscriptions/5792fdff-2df7-475f-9dc5-1f31d1f17c53/resourceGroups/demo5/providers/Microsoft.Network/virtualNetworks/testvnet/subnets/subnetforvm"
              }
            ],
            "location": "northeurope",
            "mac_address": "00-22-48-A0-63-78",
            "name": "vmnic0",
            "private_ip_address": "10.0.2.4",
            "private_ip_addresses": [
              "10.0.2.4"
            ],
            "resource_group_name": "demo5",
            "tags": {},
            "timeouts": null,
            "virtual_machine_id": "/subscriptions/5792fdff-2df7-475f-9dc5-1f31d1f17c53/resourceGroups/demo5/providers/Microsoft.Compute/virtualMachines/testvm0"
          },
          "sensitive_attributes": [],
          "private": "eyJlMmJmYjczMC1lY2FhLTExZTYtOGY4OC0zNDM2M2JjN2M0YzAiOnsiY3JlYXRlIjoxODAwMDAwMDAwMDAwLCJkZWxldGUiOjE4MDAwMDAwMDAwMDAsInJlYWQiOjMwMDAwMDAwMDAwMCwidXBkYXRlIjoxODAwMDAwMDAwMDAwfX0=",
          "dependencies": [
            "azurerm_resource_group.example",
            "azurerm_subnet.azsubnet",
            "azurerm_virtual_network.main"
          ]
        },
        {
          "index_key": 1,
          "schema_version": 0,
          "attributes": {
            "applied_dns_servers": [],
            "dns_servers": [],
            "edge_zone": "",
            "enable_accelerated_networking": false,
            "enable_ip_forwarding": false,
            "id": "/subscriptions/5792fdff-2df7-475f-9dc5-1f31d1f17c53/resourceGroups/demo5/providers/Microsoft.Network/networkInterfaces/vmnic1",
            "internal_dns_name_label": "",
            "internal_domain_name_suffix": "w1lfb2uegneezfo1hqwcbzvrig.fx.internal.cloudapp.net",
            "ip_configuration": [
              {
                "gateway_load_balancer_frontend_ip_configuration_id": "",
                "name": "testip",
                "primary": true,
                "private_ip_address": "10.0.2.5",
                "private_ip_address_allocation": "Dynamic",
                "private_ip_address_version": "IPv4",
                "public_ip_address_id": "",
                "subnet_id": "/subscriptions/5792fdff-2df7-475f-9dc5-1f31d1f17c53/resourceGroups/demo5/providers/Microsoft.Network/virtualNetworks/testvnet/subnets/subnetforvm"
              }
            ],
            "location": "northeurope",
            "mac_address": "00-0D-3A-66-05-0A",
            "name": "vmnic1",
            "private_ip_address": "10.0.2.5",
            "private_ip_addresses": [
              "10.0.2.5"
            ],
            "resource_group_name": "demo5",
            "tags": {},
            "timeouts": null,
            "virtual_machine_id": "/subscriptions/5792fdff-2df7-475f-9dc5-1f31d1f17c53/resourceGroups/demo5/providers/Microsoft.Compute/virtualMachines/testvm1"
          },
          "sensitive_attributes": [],
          "private": "eyJlMmJmYjczMC1lY2FhLTExZTYtOGY4OC0zNDM2M2JjN2M0YzAiOnsiY3JlYXRlIjoxODAwMDAwMDAwMDAwLCJkZWxldGUiOjE4MDAwMDAwMDAwMDAsInJlYWQiOjMwMDAwMDAwMDAwMCwidXBkYXRlIjoxODAwMDAwMDAwMDAwfX0=",
          "dependencies": [
            "azurerm_resource_group.example",
            "azurerm_subnet.azsubnet",
            "azurerm_virtual_network.main"
          ]
        }
      ]
    },
    {
      "mode": "managed",
      "type": "azurerm_network_interface_security_group_association",
      "name": "example",
      "provider": "provider[\"registry.terraform.io/hashicorp/azurerm\"]",
      "instances": [
        {
          "index_key": 1,
          "schema_version": 0,
          "attributes": {
            "id": "/subscriptions/5792fdff-2df7-475f-9dc5-1f31d1f17c53/resourceGroups/demo5/providers/Microsoft.Network/networkInterfaces/vmnic1|/subscriptions/5792fdff-2df7-475f-9dc5-1f31d1f17c53/resourceGroups/demo5/providers/Microsoft.Network/networkSecurityGroups/testnsg1",
            "network_interface_id": "/subscriptions/5792fdff-2df7-475f-9dc5-1f31d1f17c53/resourceGroups/demo5/providers/Microsoft.Network/networkInterfaces/vmnic1",
            "network_security_group_id": "/subscriptions/5792fdff-2df7-475f-9dc5-1f31d1f17c53/resourceGroups/demo5/providers/Microsoft.Network/networkSecurityGroups/testnsg1",
            "timeouts": null
          },
          "sensitive_attributes": [],
          "private": "eyJlMmJmYjczMC1lY2FhLTExZTYtOGY4OC0zNDM2M2JjN2M0YzAiOnsiY3JlYXRlIjoxODAwMDAwMDAwMDAwLCJkZWxldGUiOjE4MDAwMDAwMDAwMDAsInJlYWQiOjMwMDAwMDAwMDAwMCwidXBkYXRlIjoxODAwMDAwMDAwMDAwfX0=",
          "dependencies": [
            "azurerm_network_interface.nic",
            "azurerm_network_security_group.testnsg",
            "azurerm_resource_group.example",
            "azurerm_subnet.azsubnet",
            "azurerm_virtual_network.main"
          ]
        }
      ]
    },
    {
      "mode": "managed",
      "type": "azurerm_network_security_group",
      "name": "testnsg",
      "provider": "provider[\"registry.terraform.io/hashicorp/azurerm\"]",
      "instances": [
        {
          "schema_version": 0,
          "attributes": {
            "id": "/subscriptions/5792fdff-2df7-475f-9dc5-1f31d1f17c53/resourceGroups/demo5/providers/Microsoft.Network/networkSecurityGroups/testnsg1",
            "location": "northeurope",
            "name": "testnsg1",
            "resource_group_name": "demo5",
            "security_rule": [
              {
                "access": "Allow",
                "description": "",
                "destination_address_prefix": "*",
                "destination_address_prefixes": [],
                "destination_application_security_group_ids": [],
                "destination_port_range": "*",
                "destination_port_ranges": [],
                "direction": "Inbound",
                "name": "test123",
                "priority": 200,
                "protocol": "Tcp",
                "source_address_prefix": "*",
                "source_address_prefixes": [],
                "source_application_security_group_ids": [],
                "source_port_range": "*",
                "source_port_ranges": []
              }
            ],
            "tags": {},
            "timeouts": null
          },
          "sensitive_attributes": [],
          "private": "eyJlMmJmYjczMC1lY2FhLTExZTYtOGY4OC0zNDM2M2JjN2M0YzAiOnsiY3JlYXRlIjoxODAwMDAwMDAwMDAwLCJkZWxldGUiOjE4MDAwMDAwMDAwMDAsInJlYWQiOjMwMDAwMDAwMDAwMCwidXBkYXRlIjoxODAwMDAwMDAwMDAwfX0=",
          "dependencies": [
            "azurerm_resource_group.example"
          ]
        }
      ]
    },
    {
      "mode": "managed",
      "type": "azurerm_resource_group",
      "name": "example",
      "provider": "provider[\"registry.terraform.io/hashicorp/azurerm\"]",
      "instances": [
        {
          "schema_version": 0,
          "attributes": {
            "id": "/subscriptions/5792fdff-2df7-475f-9dc5-1f31d1f17c53/resourceGroups/demo5",
            "location": "northeurope",
            "name": "demo5",
            "tags": {},
            "timeouts": null
          },
          "sensitive_attributes": [],
          "private": "eyJlMmJmYjczMC1lY2FhLTExZTYtOGY4OC0zNDM2M2JjN2M0YzAiOnsiY3JlYXRlIjo1NDAwMDAwMDAwMDAwLCJkZWxldGUiOjU0MDAwMDAwMDAwMDAsInJlYWQiOjMwMDAwMDAwMDAwMCwidXBkYXRlIjo1NDAwMDAwMDAwMDAwfX0="
        }
      ]
    },
    {
      "mode": "managed",
      "type": "azurerm_subnet",
      "name": "azsubnet",
      "provider": "provider[\"registry.terraform.io/hashicorp/azurerm\"]",
      "instances": [
        {
          "schema_version": 0,
          "attributes": {
            "address_prefixes": [
              "10.0.2.0/24"
            ],
            "delegation": [],
            "enforce_private_link_endpoint_network_policies": false,
            "enforce_private_link_service_network_policies": false,
            "id": "/subscriptions/5792fdff-2df7-475f-9dc5-1f31d1f17c53/resourceGroups/demo5/providers/Microsoft.Network/virtualNetworks/testvnet/subnets/subnetforvm",
            "name": "subnetforvm",
            "resource_group_name": "demo5",
            "service_endpoint_policy_ids": [],
            "service_endpoints": [],
            "timeouts": null,
            "virtual_network_name": "testvnet"
          },
          "sensitive_attributes": [],
          "private": "eyJlMmJmYjczMC1lY2FhLTExZTYtOGY4OC0zNDM2M2JjN2M0YzAiOnsiY3JlYXRlIjoxODAwMDAwMDAwMDAwLCJkZWxldGUiOjE4MDAwMDAwMDAwMDAsInJlYWQiOjMwMDAwMDAwMDAwMCwidXBkYXRlIjoxODAwMDAwMDAwMDAwfX0=",
          "dependencies": [
            "azurerm_resource_group.example",
            "azurerm_virtual_network.main"
          ]
        }
      ]
    },
    {
      "mode": "managed",
      "type": "azurerm_subnet_network_security_group_association",
      "name": "nsgattach",
      "provider": "provider[\"registry.terraform.io/hashicorp/azurerm\"]",
      "instances": [
        {
          "schema_version": 0,
          "attributes": {
            "id": "/subscriptions/5792fdff-2df7-475f-9dc5-1f31d1f17c53/resourceGroups/demo5/providers/Microsoft.Network/virtualNetworks/testvnet/subnets/subnetforvm",
            "network_security_group_id": "/subscriptions/5792fdff-2df7-475f-9dc5-1f31d1f17c53/resourceGroups/demo5/providers/Microsoft.Network/networkSecurityGroups/testnsg1",
            "subnet_id": "/subscriptions/5792fdff-2df7-475f-9dc5-1f31d1f17c53/resourceGroups/demo5/providers/Microsoft.Network/virtualNetworks/testvnet/subnets/subnetforvm",
            "timeouts": null
          },
          "sensitive_attributes": [],
          "private": "eyJlMmJmYjczMC1lY2FhLTExZTYtOGY4OC0zNDM2M2JjN2M0YzAiOnsiY3JlYXRlIjoxODAwMDAwMDAwMDAwLCJkZWxldGUiOjE4MDAwMDAwMDAwMDAsInJlYWQiOjMwMDAwMDAwMDAwMCwidXBkYXRlIjoxODAwMDAwMDAwMDAwfX0=",
          "dependencies": [
            "azurerm_network_security_group.testnsg",
            "azurerm_resource_group.example",
            "azurerm_subnet.azsubnet",
            "azurerm_virtual_network.main"
          ]
        }
      ]
    },
    {
      "mode": "managed",
      "type": "azurerm_virtual_network",
      "name": "main",
      "provider": "provider[\"registry.terraform.io/hashicorp/azurerm\"]",
      "instances": [
        {
          "schema_version": 0,
          "attributes": {
            "address_space": [
              "10.0.0.0/16"
            ],
            "bgp_community": "",
            "ddos_protection_plan": [],
            "dns_servers": [],
            "edge_zone": "",
            "flow_timeout_in_minutes": 0,
            "guid": "f250d6b6-3384-4c48-95db-3c2c20e6b146",
            "id": "/subscriptions/5792fdff-2df7-475f-9dc5-1f31d1f17c53/resourceGroups/demo5/providers/Microsoft.Network/virtualNetworks/testvnet",
            "location": "northeurope",
            "name": "testvnet",
            "resource_group_name": "demo5",
            "subnet": [
              {
                "address_prefix": "10.0.2.0/24",
                "id": "/subscriptions/5792fdff-2df7-475f-9dc5-1f31d1f17c53/resourceGroups/demo5/providers/Microsoft.Network/virtualNetworks/testvnet/subnets/subnetforvm",
                "name": "subnetforvm",
                "security_group": "/subscriptions/5792fdff-2df7-475f-9dc5-1f31d1f17c53/resourceGroups/demo5/providers/Microsoft.Network/networkSecurityGroups/testnsg1"
              }
            ],
            "tags": {},
            "timeouts": null
          },
          "sensitive_attributes": [],
          "private": "eyJlMmJmYjczMC1lY2FhLTExZTYtOGY4OC0zNDM2M2JjN2M0YzAiOnsiY3JlYXRlIjoxODAwMDAwMDAwMDAwLCJkZWxldGUiOjE4MDAwMDAwMDAwMDAsInJlYWQiOjMwMDAwMDAwMDAwMCwidXBkYXRlIjoxODAwMDAwMDAwMDAwfX0=",
          "dependencies": [
            "azurerm_resource_group.example"
          ]
        }
      ]
    }
  ]
}
